
Microsoft Visual Studio Solution File, Format Version 12.00
# Visual Studio Version 17
VisualStudioVersion = 17.0.31903.59
MinimumVisualStudioVersion = 10.0.40219.1
Project("{FAE04EC0-301F-11D3-BF4B-00C04F79EFBC}") = "HowManyOfThisType", "HowManyOfThisType\HowManyOfThisType.csproj", "{D8E61012-0704-4DE9-B31F-A0083C43DD8A}"
EndProject
Project("{FAE04EC0-301F-11D3-BF4B-00C04F79EFBC}") = "TheyCameBefore", "TheyCameBefore\TheyCameBefore.csproj", "{E9E1AFFE-15CF-40B5-9557-5D7F208B76E7}"
EndProject
Global
	GlobalSection(SolutionConfigurationPlatforms) = preSolution
		Debug|Any CPU = Debug|Any CPU
		Release|Any CPU = Release|Any CPU
	EndGlobalSection
	GlobalSection(SolutionProperties) = preSolution
		HideSolutionNode = FALSE
	EndGlobalSection
	GlobalSection(ProjectConfigurationPlatforms) = postSolution
		{D8E61012-0704-4DE9-B31F-A0083C43DD8A}.Debug|Any CPU.ActiveCfg = Debug|Any CPU
		{D8E61012-0704-4DE9-B31F-A0083C43DD8A}.Debug|Any CPU.Build.0 = Debug|Any CPU
		{D8E61012-0704-4DE9-B31F-A0083C43DD8A}.Release|Any CPU.ActiveCfg = Release|Any CPU
		{D8E61012-0704-4DE9-B31F-A0083C43DD8A}.Release|Any CPU.Build.0 = Release|Any CPU
		{E9E1AFFE-15CF-40B5-9557-5D7F208B76E7}.Debug|Any CPU.ActiveCfg = Debug|Any CPU
		{E9E1AFFE-15CF-40B5-9557-5D7F208B76E7}.Debug|Any CPU.Build.0 = Debug|Any CPU
		{E9E1AFFE-15CF-40B5-9557-5D7F208B76E7}.Release|Any CPU.ActiveCfg = Release|Any CPU
		{E9E1AFFE-15CF-40B5-9557-5D7F208B76E7}.Release|Any CPU.Build.0 = Release|Any CPU
	EndGlobalSection
EndGlobal
